
Microsoft Visual Studio Solution File, Format Version 12.00
# Visual Studio Version 16
VisualStudioVersion = 16.0.30523.141
MinimumVisualStudioVersion = 10.0.40219.1
Project("{FAE04EC0-301F-11D3-BF4B-00C04F79EFBC}") = "WebApıBaglanma", "WebApıBaglanma\WebApıBaglanma.csproj", "{DD69C113-5CD6-419B-ABBF-9BA56DD62D26}"
EndProject
Project("{FAE04EC0-301F-11D3-BF4B-00C04F79EFBC}") = "ResteaseTest", "ResteaseTest\ResteaseTest.csproj", "{2377EA97-2B34-4A35-BC28-C62152267E39}"
EndProject
Global
	GlobalSection(SolutionConfigurationPlatforms) = preSolution
		Debug|Any CPU = Debug|Any CPU
		Release|Any CPU = Release|Any CPU
	EndGlobalSection
	GlobalSection(ProjectConfigurationPlatforms) = postSolution
		{DD69C113-5CD6-419B-ABBF-9BA56DD62D26}.Debug|Any CPU.ActiveCfg = Debug|Any CPU
		{DD69C113-5CD6-419B-ABBF-9BA56DD62D26}.Debug|Any CPU.Build.0 = Debug|Any CPU
		{DD69C113-5CD6-419B-ABBF-9BA56DD62D26}.Release|Any CPU.ActiveCfg = Release|Any CPU
		{DD69C113-5CD6-419B-ABBF-9BA56DD62D26}.Release|Any CPU.Build.0 = Release|Any CPU
		{2377EA97-2B34-4A35-BC28-C62152267E39}.Debug|Any CPU.ActiveCfg = Debug|Any CPU
		{2377EA97-2B34-4A35-BC28-C62152267E39}.Debug|Any CPU.Build.0 = Debug|Any CPU
		{2377EA97-2B34-4A35-BC28-C62152267E39}.Release|Any CPU.ActiveCfg = Release|Any CPU
		{2377EA97-2B34-4A35-BC28-C62152267E39}.Release|Any CPU.Build.0 = Release|Any CPU
	EndGlobalSection
	GlobalSection(SolutionProperties) = preSolution
		HideSolutionNode = FALSE
	EndGlobalSection
	GlobalSection(ExtensibilityGlobals) = postSolution
		SolutionGuid = {B0F24D6D-79F6-4EEB-8FBB-414BC5165D53}
	EndGlobalSection
EndGlobal
